
Microsoft Visual Studio Solution File, Format Version 12.00
# Visual Studio Version 17
VisualStudioVersion = 17.7.34024.191
MinimumVisualStudioVersion = 10.0.40219.1
Project("{FAE04EC0-301F-11D3-BF4B-00C04F79EFBC}") = "Movie_Lab", "Movie_Lab.csproj", "{D793138D-4038-431C-9613-789A3FAA11FE}"
EndProject
Global
	GlobalSection(SolutionConfigurationPlatforms) = preSolution
		Debug|Any CPU = Debug|Any CPU
		Release|Any CPU = Release|Any CPU
	EndGlobalSection
	GlobalSection(ProjectConfigurationPlatforms) = postSolution
		{D793138D-4038-431C-9613-789A3FAA11FE}.Debug|Any CPU.ActiveCfg = Debug|Any CPU
		{D793138D-4038-431C-9613-789A3FAA11FE}.Debug|Any CPU.Build.0 = Debug|Any CPU
		{D793138D-4038-431C-9613-789A3FAA11FE}.Release|Any CPU.ActiveCfg = Release|Any CPU
		{D793138D-4038-431C-9613-789A3FAA11FE}.Release|Any CPU.Build.0 = Release|Any CPU
	EndGlobalSection
	GlobalSection(SolutionProperties) = preSolution
		HideSolutionNode = FALSE
	EndGlobalSection
	GlobalSection(ExtensibilityGlobals) = postSolution
		SolutionGuid = {B794E91E-D6A1-498B-9D47-FFC2087C3099}
	EndGlobalSection
EndGlobal
